
Microsoft Visual Studio Solution File, Format Version 11.00
# Visual Studio 2010
Project("{FAE04EC0-301F-11D3-BF4B-00C04F79EFBC}") = "DispatchPlatform", "DispatchPlatform\DispatchPlatform.csproj", "{D4B0BF57-9759-4692-9542-3BE5192346BA}"
EndProject
Project("{FAE04EC0-301F-11D3-BF4B-00C04F79EFBC}") = "MBoxSDK", "..\BL8000SDK\MBoxSDK.csproj", "{368B2DF9-7FDF-4920-8AA1-7B25491C5288}"
EndProject
Project("{FAE04EC0-301F-11D3-BF4B-00C04F79EFBC}") = "CommControl", "..\CommControl\CommControl.csproj", "{A1BEAB33-7EA0-46FB-ADF3-D604288457F9}"
EndProject
Project("{FAE04EC0-301F-11D3-BF4B-00C04F79EFBC}") = "DB_Talk", "..\DB_Talk\DB_Talk.csproj", "{CBBEC7B5-7154-4F3E-A657-1BB0F9848E68}"
EndProject
Project("{FAE04EC0-301F-11D3-BF4B-00C04F79EFBC}") = "DB_TeleBill", "..\DB_TeleBill\DB_TeleBill.csproj", "{933D3ED9-01A6-4346-A52D-0BEEA56AEA36}"
EndProject
Global
	GlobalSection(SolutionConfigurationPlatforms) = preSolution
		Debug|Any CPU = Debug|Any CPU
		Debug|Mixed Platforms = Debug|Mixed Platforms
		Debug|x86 = Debug|x86
		Release|Any CPU = Release|Any CPU
		Release|Mixed Platforms = Release|Mixed Platforms
		Release|x86 = Release|x86
	EndGlobalSection
	GlobalSection(ProjectConfigurationPlatforms) = postSolution
		{D4B0BF57-9759-4692-9542-3BE5192346BA}.Debug|Any CPU.ActiveCfg = Debug|x86
		{D4B0BF57-9759-4692-9542-3BE5192346BA}.Debug|Mixed Platforms.ActiveCfg = Debug|x86
		{D4B0BF57-9759-4692-9542-3BE5192346BA}.Debug|Mixed Platforms.Build.0 = Debug|x86
		{D4B0BF57-9759-4692-9542-3BE5192346BA}.Debug|x86.ActiveCfg = Debug|x86
		{D4B0BF57-9759-4692-9542-3BE5192346BA}.Debug|x86.Build.0 = Debug|x86
		{D4B0BF57-9759-4692-9542-3BE5192346BA}.Release|Any CPU.ActiveCfg = Release|x86
		{D4B0BF57-9759-4692-9542-3BE5192346BA}.Release|Mixed Platforms.ActiveCfg = Release|x86
		{D4B0BF57-9759-4692-9542-3BE5192346BA}.Release|Mixed Platforms.Build.0 = Release|x86
		{D4B0BF57-9759-4692-9542-3BE5192346BA}.Release|x86.ActiveCfg = Release|x86
		{D4B0BF57-9759-4692-9542-3BE5192346BA}.Release|x86.Build.0 = Release|x86
		{368B2DF9-7FDF-4920-8AA1-7B25491C5288}.Debug|Any CPU.ActiveCfg = Debug|Any CPU
		{368B2DF9-7FDF-4920-8AA1-7B25491C5288}.Debug|Any CPU.Build.0 = Debug|Any CPU
		{368B2DF9-7FDF-4920-8AA1-7B25491C5288}.Debug|Mixed Platforms.ActiveCfg = Debug|Any CPU
		{368B2DF9-7FDF-4920-8AA1-7B25491C5288}.Debug|Mixed Platforms.Build.0 = Debug|Any CPU
		{368B2DF9-7FDF-4920-8AA1-7B25491C5288}.Debug|x86.ActiveCfg = Debug|Any CPU
		{368B2DF9-7FDF-4920-8AA1-7B25491C5288}.Release|Any CPU.ActiveCfg = Release|Any CPU
		{368B2DF9-7FDF-4920-8AA1-7B25491C5288}.Release|Any CPU.Build.0 = Release|Any CPU
		{368B2DF9-7FDF-4920-8AA1-7B25491C5288}.Release|Mixed Platforms.ActiveCfg = Release|Any CPU
		{368B2DF9-7FDF-4920-8AA1-7B25491C5288}.Release|Mixed Platforms.Build.0 = Release|Any CPU
		{368B2DF9-7FDF-4920-8AA1-7B25491C5288}.Release|x86.ActiveCfg = Release|Any CPU
		{A1BEAB33-7EA0-46FB-ADF3-D604288457F9}.Debug|Any CPU.ActiveCfg = Debug|Any CPU
		{A1BEAB33-7EA0-46FB-ADF3-D604288457F9}.Debug|Any CPU.Build.0 = Debug|Any CPU
		{A1BEAB33-7EA0-46FB-ADF3-D604288457F9}.Debug|Mixed Platforms.ActiveCfg = Debug|Any CPU
		{A1BEAB33-7EA0-46FB-ADF3-D604288457F9}.Debug|Mixed Platforms.Build.0 = Debug|Any CPU
		{A1BEAB33-7EA0-46FB-ADF3-D604288457F9}.Debug|x86.ActiveCfg = Debug|Any CPU
		{A1BEAB33-7EA0-46FB-ADF3-D604288457F9}.Release|Any CPU.ActiveCfg = Release|Any CPU
		{A1BEAB33-7EA0-46FB-ADF3-D604288457F9}.Release|Any CPU.Build.0 = Release|Any CPU
		{A1BEAB33-7EA0-46FB-ADF3-D604288457F9}.Release|Mixed Platforms.ActiveCfg = Release|Any CPU
		{A1BEAB33-7EA0-46FB-ADF3-D604288457F9}.Release|Mixed Platforms.Build.0 = Release|Any CPU
		{A1BEAB33-7EA0-46FB-ADF3-D604288457F9}.Release|x86.ActiveCfg = Release|Any CPU
		{CBBEC7B5-7154-4F3E-A657-1BB0F9848E68}.Debug|Any CPU.ActiveCfg = Debug|Any CPU
		{CBBEC7B5-7154-4F3E-A657-1BB0F9848E68}.Debug|Any CPU.Build.0 = Debug|Any CPU
		{CBBEC7B5-7154-4F3E-A657-1BB0F9848E68}.Debug|Mixed Platforms.ActiveCfg = Debug|Any CPU
		{CBBEC7B5-7154-4F3E-A657-1BB0F9848E68}.Debug|Mixed Platforms.Build.0 = Debug|Any CPU
		{CBBEC7B5-7154-4F3E-A657-1BB0F9848E68}.Debug|x86.ActiveCfg = Debug|Any CPU
		{CBBEC7B5-7154-4F3E-A657-1BB0F9848E68}.Release|Any CPU.ActiveCfg = Release|Any CPU
		{CBBEC7B5-7154-4F3E-A657-1BB0F9848E68}.Release|Any CPU.Build.0 = Release|Any CPU
		{CBBEC7B5-7154-4F3E-A657-1BB0F9848E68}.Release|Mixed Platforms.ActiveCfg = Release|Any CPU
		{CBBEC7B5-7154-4F3E-A657-1BB0F9848E68}.Release|Mixed Platforms.Build.0 = Release|Any CPU
		{CBBEC7B5-7154-4F3E-A657-1BB0F9848E68}.Release|x86.ActiveCfg = Release|Any CPU
		{933D3ED9-01A6-4346-A52D-0BEEA56AEA36}.Debug|Any CPU.ActiveCfg = Debug|Any CPU
		{933D3ED9-01A6-4346-A52D-0BEEA56AEA36}.Debug|Any CPU.Build.0 = Debug|Any CPU
		{933D3ED9-01A6-4346-A52D-0BEEA56AEA36}.Debug|Mixed Platforms.ActiveCfg = Debug|Any CPU
		{933D3ED9-01A6-4346-A52D-0BEEA56AEA36}.Debug|Mixed Platforms.Build.0 = Debug|Any CPU
		{933D3ED9-01A6-4346-A52D-0BEEA56AEA36}.Debug|x86.ActiveCfg = Debug|Any CPU
		{933D3ED9-01A6-4346-A52D-0BEEA56AEA36}.Release|Any CPU.ActiveCfg = Release|Any CPU
		{933D3ED9-01A6-4346-A52D-0BEEA56AEA36}.Release|Any CPU.Build.0 = Release|Any CPU
		{933D3ED9-01A6-4346-A52D-0BEEA56AEA36}.Release|Mixed Platforms.ActiveCfg = Release|Any CPU
		{933D3ED9-01A6-4346-A52D-0BEEA56AEA36}.Release|Mixed Platforms.Build.0 = Release|Any CPU
		{933D3ED9-01A6-4346-A52D-0BEEA56AEA36}.Release|x86.ActiveCfg = Release|Any CPU
	EndGlobalSection
	GlobalSection(SolutionProperties) = preSolution
		HideSolutionNode = FALSE
	EndGlobalSection
EndGlobal
